
Microsoft Visual Studio Solution File, Format Version 12.00
# Visual Studio Version 16
VisualStudioVersion = 16.0.31729.503
MinimumVisualStudioVersion = 10.0.40219.1
Project("{FAE04EC0-301F-11D3-BF4B-00C04F79EFBC}") = "OpenWeatherAPI", "OpenWeatherAPI\OpenWeatherAPI.csproj", "{74028F42-12DB-4935-9B28-266C4E6574C1}"
EndProject
Global
	GlobalSection(SolutionConfigurationPlatforms) = preSolution
		Debug|Any CPU = Debug|Any CPU
		Release|Any CPU = Release|Any CPU
	EndGlobalSection
	GlobalSection(ProjectConfigurationPlatforms) = postSolution
		{74028F42-12DB-4935-9B28-266C4E6574C1}.Debug|Any CPU.ActiveCfg = Debug|Any CPU
		{74028F42-12DB-4935-9B28-266C4E6574C1}.Debug|Any CPU.Build.0 = Debug|Any CPU
		{74028F42-12DB-4935-9B28-266C4E6574C1}.Release|Any CPU.ActiveCfg = Release|Any CPU
		{74028F42-12DB-4935-9B28-266C4E6574C1}.Release|Any CPU.Build.0 = Release|Any CPU
	EndGlobalSection
	GlobalSection(SolutionProperties) = preSolution
		HideSolutionNode = FALSE
	EndGlobalSection
	GlobalSection(ExtensibilityGlobals) = postSolution
		SolutionGuid = {76188F7F-42FD-42EC-AE53-87CF42C37069}
	EndGlobalSection
EndGlobal
